
Microsoft Visual Studio Solution File, Format Version 12.00
# Visual Studio 15
VisualStudioVersion = 15.0.28307.1585
MinimumVisualStudioVersion = 10.0.40219.1
Project("{FAE04EC0-301F-11D3-BF4B-00C04F79EFBC}") = "CustomerOrderDetail", "CustomerOrderDetail\CustomerOrderDetail.csproj", "{4C48A376-C0A9-44BB-8800-E332A311DFA6}"
EndProject
Global
	GlobalSection(SolutionConfigurationPlatforms) = preSolution
		Debug|Any CPU = Debug|Any CPU
		Release|Any CPU = Release|Any CPU
	EndGlobalSection
	GlobalSection(ProjectConfigurationPlatforms) = postSolution
		{4C48A376-C0A9-44BB-8800-E332A311DFA6}.Debug|Any CPU.ActiveCfg = Debug|Any CPU
		{4C48A376-C0A9-44BB-8800-E332A311DFA6}.Debug|Any CPU.Build.0 = Debug|Any CPU
		{4C48A376-C0A9-44BB-8800-E332A311DFA6}.Release|Any CPU.ActiveCfg = Release|Any CPU
		{4C48A376-C0A9-44BB-8800-E332A311DFA6}.Release|Any CPU.Build.0 = Release|Any CPU
	EndGlobalSection
	GlobalSection(SolutionProperties) = preSolution
		HideSolutionNode = FALSE
	EndGlobalSection
	GlobalSection(ExtensibilityGlobals) = postSolution
		SolutionGuid = {E069F077-DDD9-40E0-AF19-5F96E1AAD777}
	EndGlobalSection
EndGlobal
